
Microsoft Visual Studio Solution File, Format Version 12.00
# Visual Studio 2012
Project("{FAE04EC0-301F-11D3-BF4B-00C04F79EFBC}") = "flappy bird", "flappy bird\flappy bird.csproj", "{8A18CB43-80FE-4479-A5EF-BC224AD35767}"
EndProject
Global
	GlobalSection(SolutionConfigurationPlatforms) = preSolution
		Debug|Any CPU = Debug|Any CPU
		Release|Any CPU = Release|Any CPU
	EndGlobalSection
	GlobalSection(ProjectConfigurationPlatforms) = postSolution
		{8A18CB43-80FE-4479-A5EF-BC224AD35767}.Debug|Any CPU.ActiveCfg = Debug|Any CPU
		{8A18CB43-80FE-4479-A5EF-BC224AD35767}.Debug|Any CPU.Build.0 = Debug|Any CPU
		{8A18CB43-80FE-4479-A5EF-BC224AD35767}.Release|Any CPU.ActiveCfg = Release|Any CPU
		{8A18CB43-80FE-4479-A5EF-BC224AD35767}.Release|Any CPU.Build.0 = Release|Any CPU
	EndGlobalSection
	GlobalSection(SolutionProperties) = preSolution
		HideSolutionNode = FALSE
	EndGlobalSection
EndGlobal
